// !$*UTF8*$!
{
	archiveVersion = 1;
	classes = {
	};
	objectVersion = 46;
	objects = {

/* Begin PBXBuildFile section */
		AD22096F21ECB8E80083A68E /* ColorPalette.m in Sources */ = {isa = PBXBuildFile; fileRef = AD22096E21ECB8E80083A68E /* ColorPalette.m */; };
		AD22097321ECBB470083A68E /* DrawerConfiguration.m in Sources */ = {isa = PBXBuildFile; fileRef = AD22097221ECBB470083A68E /* DrawerConfiguration.m */; };
		AD22097621ECBC200083A68E /* Drawer.m in Sources */ = {isa = PBXBuildFile; fileRef = AD22097521ECBC200083A68E /* Drawer.m */; };
		AD22097A21ECBC700083A68E /* Line.m in Sources */ = {isa = PBXBuildFile; fileRef = AD22097921ECBC700083A68E /* Line.m */; };
		AD22097D21ECC0F00083A68E /* PaintBoard.m in Sources */ = {isa = PBXBuildFile; fileRef = AD22097C21ECC0F00083A68E /* PaintBoard.m */; };
		AD22097F21ECC8CB0083A68E /* RNTPaintBoardManager.m in Sources */ = {isa = PBXBuildFile; fileRef = AD22097E21ECC8CB0083A68E /* RNTPaintBoardManager.m */; };
/* End PBXBuildFile section */

/* Begin PBXCopyFilesBuildPhase section */
		58B511D91A9E6C8500147676 /* CopyFiles */ = {
			isa = PBXCopyFilesBuildPhase;
			buildActionMask = 2147483647;
			dstPath = "include/$(PRODUCT_NAME)";
			dstSubfolderSpec = 16;
			files = (
			);
			runOnlyForDeploymentPostprocessing = 0;
		};
/* End PBXCopyFilesBuildPhase section */

/* Begin PBXFileReference section */
		134814201AA4EA6300B7C361 /* libRNPaintBoardLibraryObjC.a */ = {isa = PBXFileReference; explicitFileType = archive.ar; includeInIndex = 0; path = libRNPaintBoardLibraryObjC.a; sourceTree = BUILT_PRODUCTS_DIR; };
		AD22096D21ECB8E80083A68E /* ColorPalette.h */ = {isa = PBXFileReference; lastKnownFileType = sourcecode.c.h; path = ColorPalette.h; sourceTree = "<group>"; };
		AD22096E21ECB8E80083A68E /* ColorPalette.m */ = {isa = PBXFileReference; lastKnownFileType = sourcecode.c.objc; path = ColorPalette.m; sourceTree = "<group>"; };
		AD22097121ECBB470083A68E /* DrawerConfiguration.h */ = {isa = PBXFileReference; lastKnownFileType = sourcecode.c.h; path = DrawerConfiguration.h; sourceTree = "<group>"; };
		AD22097221ECBB470083A68E /* DrawerConfiguration.m */ = {isa = PBXFileReference; lastKnownFileType = sourcecode.c.objc; path = DrawerConfiguration.m; sourceTree = "<group>"; };
		AD22097421ECBC200083A68E /* Drawer.h */ = {isa = PBXFileReference; lastKnownFileType = sourcecode.c.h; path = Drawer.h; sourceTree = "<group>"; };
		AD22097521ECBC200083A68E /* Drawer.m */ = {isa = PBXFileReference; lastKnownFileType = sourcecode.c.objc; path = Drawer.m; sourceTree = "<group>"; };
		AD22097821ECBC700083A68E /* Line.h */ = {isa = PBXFileReference; lastKnownFileType = sourcecode.c.h; path = Line.h; sourceTree = "<group>"; };
		AD22097921ECBC700083A68E /* Line.m */ = {isa = PBXFileReference; lastKnownFileType = sourcecode.c.objc; path = Line.m; sourceTree = "<group>"; };
		AD22097B21ECC0F00083A68E /* PaintBoard.h */ = {isa = PBXFileReference; lastKnownFileType = sourcecode.c.h; path = PaintBoard.h; sourceTree = "<group>"; };
		AD22097C21ECC0F00083A68E /* PaintBoard.m */ = {isa = PBXFileReference; lastKnownFileType = sourcecode.c.objc; path = PaintBoard.m; sourceTree = "<group>"; };
		AD22097E21ECC8CB0083A68E /* RNTPaintBoardManager.m */ = {isa = PBXFileReference; lastKnownFileType = sourcecode.c.objc; path = RNTPaintBoardManager.m; sourceTree = "<group>"; };
/* End PBXFileReference section */

/* Begin PBXFrameworksBuildPhase section */
		58B511D81A9E6C8500147676 /* Frameworks */ = {
			isa = PBXFrameworksBuildPhase;
			buildActionMask = 2147483647;
			files = (
			);
			runOnlyForDeploymentPostprocessing = 0;
		};
/* End PBXFrameworksBuildPhase section */

/* Begin PBXGroup section */
		134814211AA4EA7D00B7C361 /* Products */ = {
			isa = PBXGroup;
			children = (
				134814201AA4EA6300B7C361 /* libRNPaintBoardLibraryObjC.a */,
			);
			name = Products;
			sourceTree = "<group>";
		};
		58B511D21A9E6C8500147676 = {
			isa = PBXGroup;
			children = (
				AD22097721ECBC620083A68E /* Model */,
				AD22097021ECBB330083A68E /* API */,
				AD22096C21ECB8B50083A68E /* Style */,
				AD22096B21ECB8960083A68E /* Views */,
				134814211AA4EA7D00B7C361 /* Products */,
			);
			sourceTree = "<group>";
		};
		AD22096B21ECB8960083A68E /* Views */ = {
			isa = PBXGroup;
			children = (
				AD22097B21ECC0F00083A68E /* PaintBoard.h */,
				AD22097C21ECC0F00083A68E /* PaintBoard.m */,
				AD22097E21ECC8CB0083A68E /* RNTPaintBoardManager.m */,
			);
			path = Views;
			sourceTree = "<group>";
		};
		AD22096C21ECB8B50083A68E /* Style */ = {
			isa = PBXGroup;
			children = (
				AD22096D21ECB8E80083A68E /* ColorPalette.h */,
				AD22096E21ECB8E80083A68E /* ColorPalette.m */,
			);
			path = Style;
			sourceTree = "<group>";
		};
		AD22097021ECBB330083A68E /* API */ = {
			isa = PBXGroup;
			children = (
				AD22097121ECBB470083A68E /* DrawerConfiguration.h */,
				AD22097221ECBB470083A68E /* DrawerConfiguration.m */,
				AD22097421ECBC200083A68E /* Drawer.h */,
				AD22097521ECBC200083A68E /* Drawer.m */,
			);
			path = API;
			sourceTree = "<group>";
		};
		AD22097721ECBC620083A68E /* Model */ = {
			isa = PBXGroup;
			children = (
				AD22097821ECBC700083A68E /* Line.h */,
				AD22097921ECBC700083A68E /* Line.m */,
			);
			path = Model;
			sourceTree = "<group>";
		};
/* End PBXGroup section */

/* Begin PBXNativeTarget section */
		58B511DA1A9E6C8500147676 /* RNPaintBoardLibraryObjC */ = {
			isa = PBXNativeTarget;
			buildConfigurationList = 58B511EF1A9E6C8500147676 /* Build configuration list for PBXNativeTarget "RNPaintBoardLibraryObjC" */;
			buildPhases = (
				58B511D71A9E6C8500147676 /* Sources */,
				58B511D81A9E6C8500147676 /* Frameworks */,
				58B511D91A9E6C8500147676 /* CopyFiles */,
			);
			buildRules = (
			);
			dependencies = (
			);
			name = RNPaintBoardLibraryObjC;
			productName = RCTDataManager;
			productReference = 134814201AA4EA6300B7C361 /* libRNPaintBoardLibraryObjC.a */;
			productType = "com.apple.product-type.library.static";
		};
/* End PBXNativeTarget section */

/* Begin PBXProject section */
		58B511D31A9E6C8500147676 /* Project object */ = {
			isa = PBXProject;
			attributes = {
				LastUpgradeCheck = 0830;
				ORGANIZATIONNAME = Facebook;
				TargetAttributes = {
					58B511DA1A9E6C8500147676 = {
						CreatedOnToolsVersion = 6.1.1;
					};
				};
			};
			buildConfigurationList = 58B511D61A9E6C8500147676 /* Build configuration list for PBXProject "RNPaintBoardLibraryObjC" */;
			compatibilityVersion = "Xcode 3.2";
			developmentRegion = English;
			hasScannedForEncodings = 0;
			knownRegions = (
				en,
			);
			mainGroup = 58B511D21A9E6C8500147676;
			productRefGroup = 58B511D21A9E6C8500147676;
			projectDirPath = "";
			projectRoot = "";
			targets = (
				58B511DA1A9E6C8500147676 /* RNPaintBoardLibraryObjC */,
			);
		};
/* End PBXProject section */

/* Begin PBXSourcesBuildPhase section */
		58B511D71A9E6C8500147676 /* Sources */ = {
			isa = PBXSourcesBuildPhase;
			buildActionMask = 2147483647;
			files = (
				AD22097A21ECBC700083A68E /* Line.m in Sources */,
				AD22097621ECBC200083A68E /* Drawer.m in Sources */,
				AD22097321ECBB470083A68E /* DrawerConfiguration.m in Sources */,
				AD22097D21ECC0F00083A68E /* PaintBoard.m in Sources */,
				AD22097F21ECC8CB0083A68E /* RNTPaintBoardManager.m in Sources */,
				AD22096F21ECB8E80083A68E /* ColorPalette.m in Sources */,
			);
			runOnlyForDeploymentPostprocessing = 0;
		};
/* End PBXSourcesBuildPhase section */

/* Begin XCBuildConfiguration section */
		58B511ED1A9E6C8500147676 /* Debug */ = {
			isa = XCBuildConfiguration;
			buildSettings = {
				ALWAYS_SEARCH_USER_PATHS = NO;
				CLANG_CXX_LANGUAGE_STANDARD = "gnu++0x";
				CLANG_CXX_LIBRARY = "libc++";
				CLANG_ENABLE_MODULES = YES;
				CLANG_ENABLE_OBJC_ARC = YES;
				CLANG_WARN_BOOL_CONVERSION = YES;
				CLANG_WARN_CONSTANT_CONVERSION = YES;
				CLANG_WARN_DIRECT_OBJC_ISA_USAGE = YES_ERROR;
				CLANG_WARN_EMPTY_BODY = YES;
				CLANG_WARN_ENUM_CONVERSION = YES;
				CLANG_WARN_INFINITE_RECURSION = YES;
				CLANG_WARN_INT_CONVERSION = YES;
				CLANG_WARN_OBJC_ROOT_CLASS = YES_ERROR;
				CLANG_WARN_SUSPICIOUS_MOVE = YES;
				CLANG_WARN_UNREACHABLE_CODE = YES;
				CLANG_WARN__DUPLICATE_METHOD_MATCH = YES;
				COPY_PHASE_STRIP = NO;
				ENABLE_STRICT_OBJC_MSGSEND = YES;
				ENABLE_TESTABILITY = YES;
				GCC_C_LANGUAGE_STANDARD = gnu99;
				GCC_DYNAMIC_NO_PIC = NO;
				GCC_NO_COMMON_BLOCKS = YES;
				GCC_OPTIMIZATION_LEVEL = 0;
				GCC_PREPROCESSOR_DEFINITIONS = (
					"DEBUG=1",
					"$(inherited)",
				);
				GCC_SYMBOLS_PRIVATE_EXTERN = NO;
				GCC_WARN_64_TO_32_BIT_CONVERSION = YES;
				GCC_WARN_ABOUT_RETURN_TYPE = YES_ERROR;
				GCC_WARN_UNDECLARED_SELECTOR = YES;
				GCC_WARN_UNINITIALIZED_AUTOS = YES_AGGRESSIVE;
				GCC_WARN_UNUSED_FUNCTION = YES;
				GCC_WARN_UNUSED_VARIABLE = YES;
				IPHONEOS_DEPLOYMENT_TARGET = 8.0;
				MTL_ENABLE_DEBUG_INFO = YES;
				ONLY_ACTIVE_ARCH = YES;
				SDKROOT = iphoneos;
			};
			name = Debug;
		};
		58B511EE1A9E6C8500147676 /* Release */ = {
			isa = XCBuildConfiguration;
			buildSettings = {
				ALWAYS_SEARCH_USER_PATHS = NO;
				CLANG_CXX_LANGUAGE_STANDARD = "gnu++0x";
				CLANG_CXX_LIBRARY = "libc++";
				CLANG_ENABLE_MODULES = YES;
				CLANG_ENABLE_OBJC_ARC = YES;
				CLANG_WARN_BOOL_CONVERSION = YES;
				CLANG_WARN_CONSTANT_CONVERSION = YES;
				CLANG_WARN_DIRECT_OBJC_ISA_USAGE = YES_ERROR;
				CLANG_WARN_EMPTY_BODY = YES;
				CLANG_WARN_ENUM_CONVERSION = YES;
				CLANG_WARN_INFINITE_RECURSION = YES;
				CLANG_WARN_INT_CONVERSION = YES;
				CLANG_WARN_OBJC_ROOT_CLASS = YES_ERROR;
				CLANG_WARN_SUSPICIOUS_MOVE = YES;
				CLANG_WARN_UNREACHABLE_CODE = YES;
				CLANG_WARN__DUPLICATE_METHOD_MATCH = YES;
				COPY_PHASE_STRIP = YES;
				ENABLE_NS_ASSERTIONS = NO;
				ENABLE_STRICT_OBJC_MSGSEND = YES;
				GCC_C_LANGUAGE_STANDARD = gnu99;
				GCC_NO_COMMON_BLOCKS = YES;
				GCC_WARN_64_TO_32_BIT_CONVERSION = YES;
				GCC_WARN_ABOUT_RETURN_TYPE = YES_ERROR;
				GCC_WARN_UNDECLARED_SELECTOR = YES;
				GCC_WARN_UNINITIALIZED_AUTOS = YES_AGGRESSIVE;
				GCC_WARN_UNUSED_FUNCTION = YES;
				GCC_WARN_UNUSED_VARIABLE = YES;
				IPHONEOS_DEPLOYMENT_TARGET = 8.0;
				MTL_ENABLE_DEBUG_INFO = NO;
				SDKROOT = iphoneos;
				VALIDATE_PRODUCT = YES;
			};
			name = Release;
		};
		58B511F01A9E6C8500147676 /* Debug */ = {
			isa = XCBuildConfiguration;
			buildSettings = {
				HEADER_SEARCH_PATHS = (
					"$(inherited)",
					/Applications/Xcode.app/Contents/Developer/Toolchains/XcodeDefault.xctoolchain/usr/include,
					"$(SRCROOT)/../../../React/**",
					"$(SRCROOT)/../../react-native/React/**",
				);
				LIBRARY_SEARCH_PATHS = "$(inherited)";
				OTHER_LDFLAGS = "-ObjC";
				PRODUCT_NAME = RNPaintBoardLibraryObjC;
				SKIP_INSTALL = YES;
			};
			name = Debug;
		};
		58B511F11A9E6C8500147676 /* Release */ = {
			isa = XCBuildConfiguration;
			buildSettings = {
				HEADER_SEARCH_PATHS = (
					"$(inherited)",
					/Applications/Xcode.app/Contents/Developer/Toolchains/XcodeDefault.xctoolchain/usr/include,
					"$(SRCROOT)/../../../React/**",
					"$(SRCROOT)/../../react-native/React/**",
				);
				LIBRARY_SEARCH_PATHS = "$(inherited)";
				OTHER_LDFLAGS = "-ObjC";
				PRODUCT_NAME = RNPaintBoardLibraryObjC;
				SKIP_INSTALL = YES;
			};
			name = Release;
		};
/* End XCBuildConfiguration section */

/* Begin XCConfigurationList section */
		58B511D61A9E6C8500147676 /* Build configuration list for PBXProject "RNPaintBoardLibraryObjC" */ = {
			isa = XCConfigurationList;
			buildConfigurations = (
				58B511ED1A9E6C8500147676 /* Debug */,
				58B511EE1A9E6C8500147676 /* Release */,
			);
			defaultConfigurationIsVisible = 0;
			defaultConfigurationName = Release;
		};
		58B511EF1A9E6C8500147676 /* Build configuration list for PBXNativeTarget "RNPaintBoardLibraryObjC" */ = {
			isa = XCConfigurationList;
			buildConfigurations = (
				58B511F01A9E6C8500147676 /* Debug */,
				58B511F11A9E6C8500147676 /* Release */,
			);
			defaultConfigurationIsVisible = 0;
			defaultConfigurationName = Release;
		};
/* End XCConfigurationList section */
	};
	rootObject = 58B511D31A9E6C8500147676 /* Project object */;
}
